
Microsoft Visual Studio Solution File, Format Version 12.00
# Visual Studio 15
VisualStudioVersion = 15.0.27428.2015
MinimumVisualStudioVersion = 10.0.40219.1
Project("{FAE04EC0-301F-11D3-BF4B-00C04F79EFBC}") = "Server", "Day06\Server.csproj", "{6A28A913-FAE4-4514-9C36-F317740606B1}"
EndProject
Project("{FAE04EC0-301F-11D3-BF4B-00C04F79EFBC}") = "Client", "Client\Client.csproj", "{F38D8AD3-AF41-4CB6-BDB4-C1E260121F2A}"
EndProject
Global
	GlobalSection(SolutionConfigurationPlatforms) = preSolution
		Debug|Any CPU = Debug|Any CPU
		Release|Any CPU = Release|Any CPU
	EndGlobalSection
	GlobalSection(ProjectConfigurationPlatforms) = postSolution
		{6A28A913-FAE4-4514-9C36-F317740606B1}.Debug|Any CPU.ActiveCfg = Debug|Any CPU
		{6A28A913-FAE4-4514-9C36-F317740606B1}.Debug|Any CPU.Build.0 = Debug|Any CPU
		{6A28A913-FAE4-4514-9C36-F317740606B1}.Release|Any CPU.ActiveCfg = Release|Any CPU
		{6A28A913-FAE4-4514-9C36-F317740606B1}.Release|Any CPU.Build.0 = Release|Any CPU
		{F38D8AD3-AF41-4CB6-BDB4-C1E260121F2A}.Debug|Any CPU.ActiveCfg = Debug|Any CPU
		{F38D8AD3-AF41-4CB6-BDB4-C1E260121F2A}.Debug|Any CPU.Build.0 = Debug|Any CPU
		{F38D8AD3-AF41-4CB6-BDB4-C1E260121F2A}.Release|Any CPU.ActiveCfg = Release|Any CPU
		{F38D8AD3-AF41-4CB6-BDB4-C1E260121F2A}.Release|Any CPU.Build.0 = Release|Any CPU
	EndGlobalSection
	GlobalSection(SolutionProperties) = preSolution
		HideSolutionNode = FALSE
	EndGlobalSection
	GlobalSection(ExtensibilityGlobals) = postSolution
		SolutionGuid = {B8156F27-77A8-4620-98D8-6E611BBAC760}
	EndGlobalSection
EndGlobal
